
Microsoft Visual Studio Solution File, Format Version 12.00
# Visual Studio Version 16
VisualStudioVersion = 16.0.29519.87
MinimumVisualStudioVersion = 10.0.40219.1
Project("{8BC9CEB8-8B4A-11D0-8D11-00A0C91BC942}") = "ITMO.CPP.P1T2", "ITMO.CPP.P1T2\ITMO.CPP.P1T2.vcxproj", "{71995D39-E6AA-4699-8356-6701771FEE84}"
EndProject
Project("{8BC9CEB8-8B4A-11D0-8D11-00A0C91BC942}") = "ITMO.CPP.P1T3_TriangleArea", "ITMO.CPP.P1T3_TriangleArea\ITMO.CPP.P1T3_TriangleArea.vcxproj", "{69BDED18-952D-497A-89A0-74D5039DD79D}"
EndProject
Project("{8BC9CEB8-8B4A-11D0-8D11-00A0C91BC942}") = "ITMO.CPP.Control1_PolygonArea", "ITMO.CPP.Control1\ITMO.CPP.Control1.vcxproj", "{118B5EA8-69B7-4823-AD81-AD8F7E53F173}"
EndProject
Project("{8BC9CEB8-8B4A-11D0-8D11-00A0C91BC942}") = "ITMO.CPP.P2T1_2", "ITMO.CPP.P2T2\ITMO.CPP.P2T2.vcxproj", "{9EB4CB16-65B7-44E7-B925-25DC35D8446F}"
EndProject
Project("{8BC9CEB8-8B4A-11D0-8D11-00A0C91BC942}") = "ITMO.CPP.P2.T2_1", "ITMO.CPP.P2.T2_1\ITMO.CPP.P2.T2_1.vcxproj", "{0B7F8978-93D5-430D-936A-4E24405951B3}"
EndProject
Project("{8BC9CEB8-8B4A-11D0-8D11-00A0C91BC942}") = "ITMO.CPP.P2.T2_2", "ITMO.CPP.P2.T2_2\ITMO.CPP.P2.T2_2.vcxproj", "{1B6134B0-F043-42A4-9746-54BC64FFABA5}"
EndProject
Project("{8BC9CEB8-8B4A-11D0-8D11-00A0C91BC942}") = "ITMO.CPP.P2.T2_3", "ITMO.CPP.P2.T2_3\ITMO.CPP.P2.T2_3.vcxproj", "{63098243-B84D-4E4A-8501-4339C6F52A77}"
EndProject
Project("{8BC9CEB8-8B4A-11D0-8D11-00A0C91BC942}") = "ITMO.CPP.P2.Control2_1_LeapYear", "ITMO.CPP.P2.Control2_1\ITMO.CPP.P2.Control2_1.vcxproj", "{B42DB561-8CCE-46E6-AC71-5E819B2ACDAA}"
EndProject
Project("{8BC9CEB8-8B4A-11D0-8D11-00A0C91BC942}") = "ITMO.CPP.P2.Control2_2TheBiggestNum", "ITMO.CPP.P2.Control2_2TheBiggestNum\ITMO.CPP.P2.Control2_2TheBiggestNum.vcxproj", "{727F720D-A599-4AEC-A793-2C0C67B47946}"
EndProject
Project("{2150E333-8FDC-42A3-9474-1A3956D46DE8}") = "_P1", "_P1", "{9B9FD5DE-03FB-400D-B600-C811D9533E18}"
EndProject
Project("{2150E333-8FDC-42A3-9474-1A3956D46DE8}") = "_P2", "_P2", "{2BF7D2F4-464D-4325-98F6-51B493321DD6}"
EndProject
Project("{8BC9CEB8-8B4A-11D0-8D11-00A0C91BC942}") = "ITMO.CPP.P2.Control2_3Coins", "ITMO.CPP.P2.Control2_3Coins\ITMO.CPP.P2.Control2_3Coins.vcxproj", "{A74C060E-D812-4B82-BE6E-7DADC00843CD}"
EndProject
Project("{8BC9CEB8-8B4A-11D0-8D11-00A0C91BC942}") = "ITMO.CPP.P2.Controls2_4_Shots", "ITMO.CPP.P2.Controls2_4_Shots\ITMO.CPP.P2.Controls2_4_Shots.vcxproj", "{4C32ADEB-BE5B-4A11-B989-58D3ED1FDC56}"
EndProject
Project("{2150E333-8FDC-42A3-9474-1A3956D46DE8}") = "_P3", "_P3", "{27AC238A-5EFC-47DE-9ADD-4988C07394E7}"
EndProject
Project("{8BC9CEB8-8B4A-11D0-8D11-00A0C91BC942}") = "ITMO.CPP.P3.T1_1", "ITMO.CPP.P3.T1_1\ITMO.CPP.P3.T1_1.vcxproj", "{23183982-F7C7-49BB-BDE3-BE15CE295546}"
EndProject
Project("{8BC9CEB8-8B4A-11D0-8D11-00A0C91BC942}") = "ITMO.CPP.P3.T1_2", "ITMO.CPP.P3.T1_2\ITMO.CPP.P3.T1_2.vcxproj", "{DB4EDC58-6058-42CD-A825-469A2F72EBB3}"
EndProject
Project("{8BC9CEB8-8B4A-11D0-8D11-00A0C91BC942}") = "ITMO.CPP.P3.T2", "ITMO.CPP.P3.T2\ITMO.CPP.P3.T2.vcxproj", "{F20543A4-25D0-4CCF-9DF5-869166E12619}"
EndProject
Project("{8BC9CEB8-8B4A-11D0-8D11-00A0C91BC942}") = "ITMO.CPP.P3.T3", "ITMO.CPP.P3.T3\ITMO.CPP.P3.T3.vcxproj", "{4534913B-64E2-4946-8847-3BC570639721}"
EndProject
Project("{8BC9CEB8-8B4A-11D0-8D11-00A0C91BC942}") = "ITMO.CPP.P3.T4", "ITMO.CPP.P3.T4\ITMO.CPP.P3.T4.vcxproj", "{E9B06F0A-1C0C-4328-B1E8-35836E19ACEC}"
EndProject
Project("{8BC9CEB8-8B4A-11D0-8D11-00A0C91BC942}") = "ITMO.CPP.P3_Control1_PolygonArea", "ITMO.CPP.P3.T3_Control1\ITMO.CPP.P3.T3_Control1.vcxproj", "{897E9706-4D01-446A-8D85-53F6DEE32E79}"
EndProject
Project("{8BC9CEB8-8B4A-11D0-8D11-00A0C91BC942}") = "ITMO.CPP.P3_Control2_Iteartion", "ITMO.CPP.P3.T3_Control2\ITMO.CPP.P3.T3_Control2.vcxproj", "{B7558C6E-B21D-4951-AE01-8A5F94B08815}"
EndProject
Project("{8BC9CEB8-8B4A-11D0-8D11-00A0C91BC942}") = "ITMO.CPP.P3_Control3_Triangle", "ITMO.CPP.P3_Control3\ITMO.CPP.P3_Control3.vcxproj", "{B6E7AD80-A12D-414C-8E2C-76D707A354D6}"
EndProject
Project("{8BC9CEB8-8B4A-11D0-8D11-00A0C91BC942}") = "ITMO.CPP.P3_Control4_Recursion", "ITMO.CPP.P3_Control_4\ITMO.CPP.P3_Control_4.vcxproj", "{63B96E1D-63F1-4014-A344-1A9960167250}"
EndProject
Project("{8BC9CEB8-8B4A-11D0-8D11-00A0C91BC942}") = "ITMO.CPP.P3_Control5_Recursion", "ITMO.CPP.P3_Control5_Recursion\ITMO.CPP.P3_Control5_Recursion.vcxproj", "{88DEC3C7-A538-4AD8-8CCB-E8D86AAD9D9A}"
EndProject
Project("{2150E333-8FDC-42A3-9474-1A3956D46DE8}") = "_P4", "_P4", "{B5AE7DD9-36A7-48E5-9199-8F65783AC359}"
EndProject
Project("{8BC9CEB8-8B4A-11D0-8D11-00A0C91BC942}") = "ITMO.CPP.P4.T1", "ITMO.CPP.P4.T1\ITMO.CPP.P4.T1.vcxproj", "{F894E794-B1AB-493C-BA5C-156F909D20FF}"
EndProject
Project("{8BC9CEB8-8B4A-11D0-8D11-00A0C91BC942}") = "ITMO.CPP.P4.T2", "ITMO.CPP.P4.T2\ITMO.CPP.P4.T2.vcxproj", "{25F12446-82AE-42B7-9521-DA534D541088}"
EndProject
Project("{8BC9CEB8-8B4A-11D0-8D11-00A0C91BC942}") = "ITMO.CPP.P4_Control1_Quadratic_equation", "ITMO.CPP.P4_Control1_Quadratic_equation\ITMO.CPP.P4_Control1_Quadratic_equation.vcxproj", "{F0CD92B2-D128-4B5B-BCE9-71875A3B4B25}"
EndProject
Project("{8BC9CEB8-8B4A-11D0-8D11-00A0C91BC942}") = "ITMO.CPP.P4_Control2_Input", "ITMO.CPP.P4_Control2_Input\ITMO.CPP.P4_Control2_Input.vcxproj", "{7233842D-A6D9-41FC-B23E-2AB1DE3F36B1}"
EndProject
Project("{2150E333-8FDC-42A3-9474-1A3956D46DE8}") = "_P5", "_P5", "{943982AE-09D7-4D27-BAFA-B2C8036F8A7D}"
EndProject
Project("{8BC9CEB8-8B4A-11D0-8D11-00A0C91BC942}") = "ITMO.CPP.P5.T1", "ITMO.CPP.P5.T1\ITMO.CPP.P5.T1.vcxproj", "{9554E727-E2F6-4C92-BC09-D3011AB47D87}"
EndProject
Project("{8BC9CEB8-8B4A-11D0-8D11-00A0C91BC942}") = "ITMO.CPP.P5.T2", "ITMO.CPP.P5.T2\ITMO.CPP.P5.T2.vcxproj", "{048AC2A2-E77C-4628-AB5B-7BB91DDD63BC}"
EndProject
Project("{8BC9CEB8-8B4A-11D0-8D11-00A0C91BC942}") = "ITMO.CPP.P5.T3_T4", "ITMO.CPP.P5.T3\ITMO.CPP.P5.T3.vcxproj", "{3EFB16A0-04C3-4FCD-B4C0-0E382A5156F3}"
EndProject
Project("{8BC9CEB8-8B4A-11D0-8D11-00A0C91BC942}") = "ITMO.CPP.P5_T5", "ITMO.CPP.P5_T5\ITMO.CPP.P5_T5.vcxproj", "{3AD306BB-7F21-4F54-8A55-C67FE9CB43D9}"
EndProject
Project("{8BC9CEB8-8B4A-11D0-8D11-00A0C91BC942}") = "ITMO.CPP.P5_Control1_Array", "ITMO.CPP.P5_Control1_Array\ITMO.CPP.P5_Control1_rray.vcxproj", "{6D28D9CA-B58D-4796-9074-EC9B98085A13}"
EndProject
Project("{8BC9CEB8-8B4A-11D0-8D11-00A0C91BC942}") = "ITMO.CPP.P5_Control2_ReturnArray", "ITMO.CPP.P5_Control2_ReturnArray\ITMO.CPP.P5_Control2_ReturnArray.vcxproj", "{9886FCFC-AF25-45DB-9167-084257B74255}"
EndProject
Project("{2150E333-8FDC-42A3-9474-1A3956D46DE8}") = "_P6", "_P6", "{1F22535A-290A-44C1-8AA7-FAC6BCFA402D}"
EndProject
Project("{8BC9CEB8-8B4A-11D0-8D11-00A0C91BC942}") = "ITMO.CPP.P6.T1", "ITMO.CPP.P6.T1\ITMO.CPP.P6.T1.vcxproj", "{AEA0D8AC-F3F4-491A-BA2F-B44DFED60237}"
EndProject
Project("{8BC9CEB8-8B4A-11D0-8D11-00A0C91BC942}") = "ITMO.CPP.P6_Control1_Poetry_in_file", "ITMO.CPP.P6_Control1_Poetry_in_file\ITMO.CPP.P6_Control1_Poetry_in_file.vcxproj", "{01FF99C0-6F2E-4D76-812B-750D1FC009AC}"
EndProject
Project("{8BC9CEB8-8B4A-11D0-8D11-00A0C91BC942}") = "ITMO.CPP.P6_Control2_Array_in_file", "ITMO.CPP.P6_Control2_Array_in_file\ITMO.CPP.P6_Control2_Array_in_file.vcxproj", "{0F43FA8F-340B-4245-8543-368C2A47D1B4}"
EndProject
Project("{2150E333-8FDC-42A3-9474-1A3956D46DE8}") = "_P7", "_P7", "{4DB1C2C7-DB79-4E7C-8486-7203A60000E6}"
EndProject
Project("{8BC9CEB8-8B4A-11D0-8D11-00A0C91BC942}") = "ITMO.CPP.P7.T1_T2_Str_distance", "ITMO.CPP.P7.T1_Str_distance\ITMO.CPP.P7.T1_Str_distance.vcxproj", "{BA8AEAE6-4D5F-4EA1-839B-6FAC8BEBC0A3}"
EndProject
Project("{8BC9CEB8-8B4A-11D0-8D11-00A0C91BC942}") = "ITMO.CPP.P7.T3", "ITMO.CPP.P7.T3\ITMO.CPP.P7.T3.vcxproj", "{027DEA2E-BFE7-41AF-8DBD-B7ED2DB534DD}"
EndProject
Project("{8BC9CEB8-8B4A-11D0-8D11-00A0C91BC942}") = "ITMO.CPP.P7_Control1_TimeStruct", "ITMO.CPP.P7_Control1_TimeStruct\ITMO.CPP.P7_Control1_TimeStruct.vcxproj", "{5398201E-90B8-46B0-8C73-249873E3FC8E}"
EndProject
Project("{8BC9CEB8-8B4A-11D0-8D11-00A0C91BC942}") = "ITMO.CPP.P7_Control2_QuadrEquation", "ITMO.CPP.P7_Control2_QuadrEquation\ITMO.CPP.P7_Control2_QuadrEquation.vcxproj", "{F18C4D29-A2BF-4293-A4B0-8BCBEC78430E}"
EndProject
Project("{2150E333-8FDC-42A3-9474-1A3956D46DE8}") = "_P8", "_P8", "{26F064C5-80CB-48C7-A949-76CBEB52DEA1}"
EndProject
Project("{8BC9CEB8-8B4A-11D0-8D11-00A0C91BC942}") = "ITMO.CPP.P8.T1", "ITMO.CPP.P8.T1\ITMO.CPP.P8.T1.vcxproj", "{DBDA301E-C65A-429F-9B93-03D33A156249}"
EndProject
Project("{8BC9CEB8-8B4A-11D0-8D11-00A0C91BC942}") = "ITMO.CPP.P8_T2", "ITMO.CPP.P8_T2\ITMO.CPP.P8_T2.vcxproj", "{42B2AFAA-5CD5-4804-ABBB-0DC7052FF691}"
EndProject
Project("{8BC9CEB8-8B4A-11D0-8D11-00A0C91BC942}") = "ITMO.CPP.P8_T3", "ITMO.CPP.P8_T3\ITMO.CPP.P8_T3.vcxproj", "{87F2AE58-8D71-4E36-BF63-6CAF3A88C256}"
EndProject
Project("{8BC9CEB8-8B4A-11D0-8D11-00A0C91BC942}") = "ITMO.CPP.P8_Control_Time", "ITMO.CPP.P8_Control_Time\ITMO.CPP.P8_Control_Time.vcxproj", "{D841BDB8-D68E-458F-B1E9-8652ABA9B2CF}"
EndProject
Project("{2150E333-8FDC-42A3-9474-1A3956D46DE8}") = "_P9", "_P9", "{DED9EE88-56AE-4724-A5B4-C9D9BB8BBBB1}"
EndProject
Project("{8BC9CEB8-8B4A-11D0-8D11-00A0C91BC942}") = "ITMO.CPP.P9.T1", "ITMO.CPP.P9.T1\ITMO.CPP.P9.T1.vcxproj", "{EF07DE8C-033A-4DE4-B1E2-EBCC7F751698}"
EndProject
Project("{8BC9CEB8-8B4A-11D0-8D11-00A0C91BC942}") = "ITMO.CPP.P9_Control1_Triangle", "ITMO.CPP.P9_Control1_Triangle\ITMO.CPP.P9_Control1_Triangle.vcxproj", "{833B25CE-C39E-498B-A124-B6607E1023B0}"
EndProject
Project("{8BC9CEB8-8B4A-11D0-8D11-00A0C91BC942}") = "ITMO.CPP.P9_Control2_Time", "ITMO.CPP.P9_Control2_Time\ITMO.CPP.P9_Control2_Time.vcxproj", "{1CD7CE55-0872-4FF3-A546-47DD5F112C0C}"
EndProject
Project("{2150E333-8FDC-42A3-9474-1A3956D46DE8}") = "P10", "P10", "{6832B8DF-919C-4669-B150-D450ACCC1683}"
EndProject
Project("{8BC9CEB8-8B4A-11D0-8D11-00A0C91BC942}") = "ITMO.CPP.P10_Control_Triangle", "ITMO.CPP.P10_Control_Triangle\ITMO.CPP.P10_Control_Triangle.vcxproj", "{25F56442-8EE8-4615-AB87-3FCFC319E5CA}"
EndProject
Global
	GlobalSection(SolutionConfigurationPlatforms) = preSolution
		Debug|x64 = Debug|x64
		Debug|x86 = Debug|x86
		Release|x64 = Release|x64
		Release|x86 = Release|x86
	EndGlobalSection
	GlobalSection(ProjectConfigurationPlatforms) = postSolution
		{71995D39-E6AA-4699-8356-6701771FEE84}.Debug|x64.ActiveCfg = Debug|x64
		{71995D39-E6AA-4699-8356-6701771FEE84}.Debug|x64.Build.0 = Debug|x64
		{71995D39-E6AA-4699-8356-6701771FEE84}.Debug|x86.ActiveCfg = Debug|Win32
		{71995D39-E6AA-4699-8356-6701771FEE84}.Debug|x86.Build.0 = Debug|Win32
		{71995D39-E6AA-4699-8356-6701771FEE84}.Release|x64.ActiveCfg = Release|x64
		{71995D39-E6AA-4699-8356-6701771FEE84}.Release|x64.Build.0 = Release|x64
		{71995D39-E6AA-4699-8356-6701771FEE84}.Release|x86.ActiveCfg = Release|Win32
		{71995D39-E6AA-4699-8356-6701771FEE84}.Release|x86.Build.0 = Release|Win32
		{69BDED18-952D-497A-89A0-74D5039DD79D}.Debug|x64.ActiveCfg = Debug|x64
		{69BDED18-952D-497A-89A0-74D5039DD79D}.Debug|x64.Build.0 = Debug|x64
		{69BDED18-952D-497A-89A0-74D5039DD79D}.Debug|x86.ActiveCfg = Debug|Win32
		{69BDED18-952D-497A-89A0-74D5039DD79D}.Debug|x86.Build.0 = Debug|Win32
		{69BDED18-952D-497A-89A0-74D5039DD79D}.Release|x64.ActiveCfg = Release|x64
		{69BDED18-952D-497A-89A0-74D5039DD79D}.Release|x64.Build.0 = Release|x64
		{69BDED18-952D-497A-89A0-74D5039DD79D}.Release|x86.ActiveCfg = Release|Win32
		{69BDED18-952D-497A-89A0-74D5039DD79D}.Release|x86.Build.0 = Release|Win32
		{118B5EA8-69B7-4823-AD81-AD8F7E53F173}.Debug|x64.ActiveCfg = Debug|x64
		{118B5EA8-69B7-4823-AD81-AD8F7E53F173}.Debug|x64.Build.0 = Debug|x64
		{118B5EA8-69B7-4823-AD81-AD8F7E53F173}.Debug|x86.ActiveCfg = Debug|Win32
		{118B5EA8-69B7-4823-AD81-AD8F7E53F173}.Debug|x86.Build.0 = Debug|Win32
		{118B5EA8-69B7-4823-AD81-AD8F7E53F173}.Release|x64.ActiveCfg = Release|x64
		{118B5EA8-69B7-4823-AD81-AD8F7E53F173}.Release|x64.Build.0 = Release|x64
		{118B5EA8-69B7-4823-AD81-AD8F7E53F173}.Release|x86.ActiveCfg = Release|Win32
		{118B5EA8-69B7-4823-AD81-AD8F7E53F173}.Release|x86.Build.0 = Release|Win32
		{9EB4CB16-65B7-44E7-B925-25DC35D8446F}.Debug|x64.ActiveCfg = Debug|x64
		{9EB4CB16-65B7-44E7-B925-25DC35D8446F}.Debug|x64.Build.0 = Debug|x64
		{9EB4CB16-65B7-44E7-B925-25DC35D8446F}.Debug|x86.ActiveCfg = Debug|Win32
		{9EB4CB16-65B7-44E7-B925-25DC35D8446F}.Debug|x86.Build.0 = Debug|Win32
		{9EB4CB16-65B7-44E7-B925-25DC35D8446F}.Release|x64.ActiveCfg = Release|x64
		{9EB4CB16-65B7-44E7-B925-25DC35D8446F}.Release|x64.Build.0 = Release|x64
		{9EB4CB16-65B7-44E7-B925-25DC35D8446F}.Release|x86.ActiveCfg = Release|Win32
		{9EB4CB16-65B7-44E7-B925-25DC35D8446F}.Release|x86.Build.0 = Release|Win32
		{0B7F8978-93D5-430D-936A-4E24405951B3}.Debug|x64.ActiveCfg = Debug|x64
		{0B7F8978-93D5-430D-936A-4E24405951B3}.Debug|x64.Build.0 = Debug|x64
		{0B7F8978-93D5-430D-936A-4E24405951B3}.Debug|x86.ActiveCfg = Debug|Win32
		{0B7F8978-93D5-430D-936A-4E24405951B3}.Debug|x86.Build.0 = Debug|Win32
		{0B7F8978-93D5-430D-936A-4E24405951B3}.Release|x64.ActiveCfg = Release|x64
		{0B7F8978-93D5-430D-936A-4E24405951B3}.Release|x64.Build.0 = Release|x64
		{0B7F8978-93D5-430D-936A-4E24405951B3}.Release|x86.ActiveCfg = Release|Win32
		{0B7F8978-93D5-430D-936A-4E24405951B3}.Release|x86.Build.0 = Release|Win32
		{1B6134B0-F043-42A4-9746-54BC64FFABA5}.Debug|x64.ActiveCfg = Debug|x64
		{1B6134B0-F043-42A4-9746-54BC64FFABA5}.Debug|x64.Build.0 = Debug|x64
		{1B6134B0-F043-42A4-9746-54BC64FFABA5}.Debug|x86.ActiveCfg = Debug|Win32
		{1B6134B0-F043-42A4-9746-54BC64FFABA5}.Debug|x86.Build.0 = Debug|Win32
		{1B6134B0-F043-42A4-9746-54BC64FFABA5}.Release|x64.ActiveCfg = Release|x64
		{1B6134B0-F043-42A4-9746-54BC64FFABA5}.Release|x64.Build.0 = Release|x64
		{1B6134B0-F043-42A4-9746-54BC64FFABA5}.Release|x86.ActiveCfg = Release|Win32
		{1B6134B0-F043-42A4-9746-54BC64FFABA5}.Release|x86.Build.0 = Release|Win32
		{63098243-B84D-4E4A-8501-4339C6F52A77}.Debug|x64.ActiveCfg = Debug|x64
		{63098243-B84D-4E4A-8501-4339C6F52A77}.Debug|x64.Build.0 = Debug|x64
		{63098243-B84D-4E4A-8501-4339C6F52A77}.Debug|x86.ActiveCfg = Debug|Win32
		{63098243-B84D-4E4A-8501-4339C6F52A77}.Debug|x86.Build.0 = Debug|Win32
		{63098243-B84D-4E4A-8501-4339C6F52A77}.Release|x64.ActiveCfg = Release|x64
		{63098243-B84D-4E4A-8501-4339C6F52A77}.Release|x64.Build.0 = Release|x64
		{63098243-B84D-4E4A-8501-4339C6F52A77}.Release|x86.ActiveCfg = Release|Win32
		{63098243-B84D-4E4A-8501-4339C6F52A77}.Release|x86.Build.0 = Release|Win32
		{B42DB561-8CCE-46E6-AC71-5E819B2ACDAA}.Debug|x64.ActiveCfg = Debug|x64
		{B42DB561-8CCE-46E6-AC71-5E819B2ACDAA}.Debug|x64.Build.0 = Debug|x64
		{B42DB561-8CCE-46E6-AC71-5E819B2ACDAA}.Debug|x86.ActiveCfg = Debug|Win32
		{B42DB561-8CCE-46E6-AC71-5E819B2ACDAA}.Debug|x86.Build.0 = Debug|Win32
		{B42DB561-8CCE-46E6-AC71-5E819B2ACDAA}.Release|x64.ActiveCfg = Release|x64
		{B42DB561-8CCE-46E6-AC71-5E819B2ACDAA}.Release|x64.Build.0 = Release|x64
		{B42DB561-8CCE-46E6-AC71-5E819B2ACDAA}.Release|x86.ActiveCfg = Release|Win32
		{B42DB561-8CCE-46E6-AC71-5E819B2ACDAA}.Release|x86.Build.0 = Release|Win32
		{727F720D-A599-4AEC-A793-2C0C67B47946}.Debug|x64.ActiveCfg = Debug|x64
		{727F720D-A599-4AEC-A793-2C0C67B47946}.Debug|x64.Build.0 = Debug|x64
		{727F720D-A599-4AEC-A793-2C0C67B47946}.Debug|x86.ActiveCfg = Debug|Win32
		{727F720D-A599-4AEC-A793-2C0C67B47946}.Debug|x86.Build.0 = Debug|Win32
		{727F720D-A599-4AEC-A793-2C0C67B47946}.Release|x64.ActiveCfg = Release|x64
		{727F720D-A599-4AEC-A793-2C0C67B47946}.Release|x64.Build.0 = Release|x64
		{727F720D-A599-4AEC-A793-2C0C67B47946}.Release|x86.ActiveCfg = Release|Win32
		{727F720D-A599-4AEC-A793-2C0C67B47946}.Release|x86.Build.0 = Release|Win32
		{A74C060E-D812-4B82-BE6E-7DADC00843CD}.Debug|x64.ActiveCfg = Debug|x64
		{A74C060E-D812-4B82-BE6E-7DADC00843CD}.Debug|x64.Build.0 = Debug|x64
		{A74C060E-D812-4B82-BE6E-7DADC00843CD}.Debug|x86.ActiveCfg = Debug|Win32
		{A74C060E-D812-4B82-BE6E-7DADC00843CD}.Debug|x86.Build.0 = Debug|Win32
		{A74C060E-D812-4B82-BE6E-7DADC00843CD}.Release|x64.ActiveCfg = Release|x64
		{A74C060E-D812-4B82-BE6E-7DADC00843CD}.Release|x64.Build.0 = Release|x64
		{A74C060E-D812-4B82-BE6E-7DADC00843CD}.Release|x86.ActiveCfg = Release|Win32
		{A74C060E-D812-4B82-BE6E-7DADC00843CD}.Release|x86.Build.0 = Release|Win32
		{4C32ADEB-BE5B-4A11-B989-58D3ED1FDC56}.Debug|x64.ActiveCfg = Debug|x64
		{4C32ADEB-BE5B-4A11-B989-58D3ED1FDC56}.Debug|x64.Build.0 = Debug|x64
		{4C32ADEB-BE5B-4A11-B989-58D3ED1FDC56}.Debug|x86.ActiveCfg = Debug|Win32
		{4C32ADEB-BE5B-4A11-B989-58D3ED1FDC56}.Debug|x86.Build.0 = Debug|Win32
		{4C32ADEB-BE5B-4A11-B989-58D3ED1FDC56}.Release|x64.ActiveCfg = Release|x64
		{4C32ADEB-BE5B-4A11-B989-58D3ED1FDC56}.Release|x64.Build.0 = Release|x64
		{4C32ADEB-BE5B-4A11-B989-58D3ED1FDC56}.Release|x86.ActiveCfg = Release|Win32
		{4C32ADEB-BE5B-4A11-B989-58D3ED1FDC56}.Release|x86.Build.0 = Release|Win32
		{23183982-F7C7-49BB-BDE3-BE15CE295546}.Debug|x64.ActiveCfg = Debug|x64
		{23183982-F7C7-49BB-BDE3-BE15CE295546}.Debug|x64.Build.0 = Debug|x64
		{23183982-F7C7-49BB-BDE3-BE15CE295546}.Debug|x86.ActiveCfg = Debug|Win32
		{23183982-F7C7-49BB-BDE3-BE15CE295546}.Debug|x86.Build.0 = Debug|Win32
		{23183982-F7C7-49BB-BDE3-BE15CE295546}.Release|x64.ActiveCfg = Release|x64
		{23183982-F7C7-49BB-BDE3-BE15CE295546}.Release|x64.Build.0 = Release|x64
		{23183982-F7C7-49BB-BDE3-BE15CE295546}.Release|x86.ActiveCfg = Release|Win32
		{23183982-F7C7-49BB-BDE3-BE15CE295546}.Release|x86.Build.0 = Release|Win32
		{DB4EDC58-6058-42CD-A825-469A2F72EBB3}.Debug|x64.ActiveCfg = Debug|x64
		{DB4EDC58-6058-42CD-A825-469A2F72EBB3}.Debug|x64.Build.0 = Debug|x64
		{DB4EDC58-6058-42CD-A825-469A2F72EBB3}.Debug|x86.ActiveCfg = Debug|Win32
		{DB4EDC58-6058-42CD-A825-469A2F72EBB3}.Debug|x86.Build.0 = Debug|Win32
		{DB4EDC58-6058-42CD-A825-469A2F72EBB3}.Release|x64.ActiveCfg = Release|x64
		{DB4EDC58-6058-42CD-A825-469A2F72EBB3}.Release|x64.Build.0 = Release|x64
		{DB4EDC58-6058-42CD-A825-469A2F72EBB3}.Release|x86.ActiveCfg = Release|Win32
		{DB4EDC58-6058-42CD-A825-469A2F72EBB3}.Release|x86.Build.0 = Release|Win32
		{F20543A4-25D0-4CCF-9DF5-869166E12619}.Debug|x64.ActiveCfg = Debug|x64
		{F20543A4-25D0-4CCF-9DF5-869166E12619}.Debug|x64.Build.0 = Debug|x64
		{F20543A4-25D0-4CCF-9DF5-869166E12619}.Debug|x86.ActiveCfg = Debug|Win32
		{F20543A4-25D0-4CCF-9DF5-869166E12619}.Debug|x86.Build.0 = Debug|Win32
		{F20543A4-25D0-4CCF-9DF5-869166E12619}.Release|x64.ActiveCfg = Release|x64
		{F20543A4-25D0-4CCF-9DF5-869166E12619}.Release|x64.Build.0 = Release|x64
		{F20543A4-25D0-4CCF-9DF5-869166E12619}.Release|x86.ActiveCfg = Release|Win32
		{F20543A4-25D0-4CCF-9DF5-869166E12619}.Release|x86.Build.0 = Release|Win32
		{4534913B-64E2-4946-8847-3BC570639721}.Debug|x64.ActiveCfg = Debug|x64
		{4534913B-64E2-4946-8847-3BC570639721}.Debug|x64.Build.0 = Debug|x64
		{4534913B-64E2-4946-8847-3BC570639721}.Debug|x86.ActiveCfg = Debug|Win32
		{4534913B-64E2-4946-8847-3BC570639721}.Debug|x86.Build.0 = Debug|Win32
		{4534913B-64E2-4946-8847-3BC570639721}.Release|x64.ActiveCfg = Release|x64
		{4534913B-64E2-4946-8847-3BC570639721}.Release|x64.Build.0 = Release|x64
		{4534913B-64E2-4946-8847-3BC570639721}.Release|x86.ActiveCfg = Release|Win32
		{4534913B-64E2-4946-8847-3BC570639721}.Release|x86.Build.0 = Release|Win32
		{E9B06F0A-1C0C-4328-B1E8-35836E19ACEC}.Debug|x64.ActiveCfg = Debug|x64
		{E9B06F0A-1C0C-4328-B1E8-35836E19ACEC}.Debug|x64.Build.0 = Debug|x64
		{E9B06F0A-1C0C-4328-B1E8-35836E19ACEC}.Debug|x86.ActiveCfg = Debug|Win32
		{E9B06F0A-1C0C-4328-B1E8-35836E19ACEC}.Debug|x86.Build.0 = Debug|Win32
		{E9B06F0A-1C0C-4328-B1E8-35836E19ACEC}.Release|x64.ActiveCfg = Release|x64
		{E9B06F0A-1C0C-4328-B1E8-35836E19ACEC}.Release|x64.Build.0 = Release|x64
		{E9B06F0A-1C0C-4328-B1E8-35836E19ACEC}.Release|x86.ActiveCfg = Release|Win32
		{E9B06F0A-1C0C-4328-B1E8-35836E19ACEC}.Release|x86.Build.0 = Release|Win32
		{897E9706-4D01-446A-8D85-53F6DEE32E79}.Debug|x64.ActiveCfg = Debug|x64
		{897E9706-4D01-446A-8D85-53F6DEE32E79}.Debug|x64.Build.0 = Debug|x64
		{897E9706-4D01-446A-8D85-53F6DEE32E79}.Debug|x86.ActiveCfg = Debug|Win32
		{897E9706-4D01-446A-8D85-53F6DEE32E79}.Debug|x86.Build.0 = Debug|Win32
		{897E9706-4D01-446A-8D85-53F6DEE32E79}.Release|x64.ActiveCfg = Release|x64
		{897E9706-4D01-446A-8D85-53F6DEE32E79}.Release|x64.Build.0 = Release|x64
		{897E9706-4D01-446A-8D85-53F6DEE32E79}.Release|x86.ActiveCfg = Release|Win32
		{897E9706-4D01-446A-8D85-53F6DEE32E79}.Release|x86.Build.0 = Release|Win32
		{B7558C6E-B21D-4951-AE01-8A5F94B08815}.Debug|x64.ActiveCfg = Debug|x64
		{B7558C6E-B21D-4951-AE01-8A5F94B08815}.Debug|x64.Build.0 = Debug|x64
		{B7558C6E-B21D-4951-AE01-8A5F94B08815}.Debug|x86.ActiveCfg = Debug|Win32
		{B7558C6E-B21D-4951-AE01-8A5F94B08815}.Debug|x86.Build.0 = Debug|Win32
		{B7558C6E-B21D-4951-AE01-8A5F94B08815}.Release|x64.ActiveCfg = Release|x64
		{B7558C6E-B21D-4951-AE01-8A5F94B08815}.Release|x64.Build.0 = Release|x64
		{B7558C6E-B21D-4951-AE01-8A5F94B08815}.Release|x86.ActiveCfg = Release|Win32
		{B7558C6E-B21D-4951-AE01-8A5F94B08815}.Release|x86.Build.0 = Release|Win32
		{B6E7AD80-A12D-414C-8E2C-76D707A354D6}.Debug|x64.ActiveCfg = Debug|x64
		{B6E7AD80-A12D-414C-8E2C-76D707A354D6}.Debug|x64.Build.0 = Debug|x64
		{B6E7AD80-A12D-414C-8E2C-76D707A354D6}.Debug|x86.ActiveCfg = Debug|Win32
		{B6E7AD80-A12D-414C-8E2C-76D707A354D6}.Debug|x86.Build.0 = Debug|Win32
		{B6E7AD80-A12D-414C-8E2C-76D707A354D6}.Release|x64.ActiveCfg = Release|x64
		{B6E7AD80-A12D-414C-8E2C-76D707A354D6}.Release|x64.Build.0 = Release|x64
		{B6E7AD80-A12D-414C-8E2C-76D707A354D6}.Release|x86.ActiveCfg = Release|Win32
		{B6E7AD80-A12D-414C-8E2C-76D707A354D6}.Release|x86.Build.0 = Release|Win32
		{63B96E1D-63F1-4014-A344-1A9960167250}.Debug|x64.ActiveCfg = Debug|x64
		{63B96E1D-63F1-4014-A344-1A9960167250}.Debug|x64.Build.0 = Debug|x64
		{63B96E1D-63F1-4014-A344-1A9960167250}.Debug|x86.ActiveCfg = Debug|Win32
		{63B96E1D-63F1-4014-A344-1A9960167250}.Debug|x86.Build.0 = Debug|Win32
		{63B96E1D-63F1-4014-A344-1A9960167250}.Release|x64.ActiveCfg = Release|x64
		{63B96E1D-63F1-4014-A344-1A9960167250}.Release|x64.Build.0 = Release|x64
		{63B96E1D-63F1-4014-A344-1A9960167250}.Release|x86.ActiveCfg = Release|Win32
		{63B96E1D-63F1-4014-A344-1A9960167250}.Release|x86.Build.0 = Release|Win32
		{88DEC3C7-A538-4AD8-8CCB-E8D86AAD9D9A}.Debug|x64.ActiveCfg = Debug|x64
		{88DEC3C7-A538-4AD8-8CCB-E8D86AAD9D9A}.Debug|x64.Build.0 = Debug|x64
		{88DEC3C7-A538-4AD8-8CCB-E8D86AAD9D9A}.Debug|x86.ActiveCfg = Debug|Win32
		{88DEC3C7-A538-4AD8-8CCB-E8D86AAD9D9A}.Debug|x86.Build.0 = Debug|Win32
		{88DEC3C7-A538-4AD8-8CCB-E8D86AAD9D9A}.Release|x64.ActiveCfg = Release|x64
		{88DEC3C7-A538-4AD8-8CCB-E8D86AAD9D9A}.Release|x64.Build.0 = Release|x64
		{88DEC3C7-A538-4AD8-8CCB-E8D86AAD9D9A}.Release|x86.ActiveCfg = Release|Win32
		{88DEC3C7-A538-4AD8-8CCB-E8D86AAD9D9A}.Release|x86.Build.0 = Release|Win32
		{F894E794-B1AB-493C-BA5C-156F909D20FF}.Debug|x64.ActiveCfg = Debug|x64
		{F894E794-B1AB-493C-BA5C-156F909D20FF}.Debug|x64.Build.0 = Debug|x64
		{F894E794-B1AB-493C-BA5C-156F909D20FF}.Debug|x86.ActiveCfg = Debug|Win32
		{F894E794-B1AB-493C-BA5C-156F909D20FF}.Debug|x86.Build.0 = Debug|Win32
		{F894E794-B1AB-493C-BA5C-156F909D20FF}.Release|x64.ActiveCfg = Release|x64
		{F894E794-B1AB-493C-BA5C-156F909D20FF}.Release|x64.Build.0 = Release|x64
		{F894E794-B1AB-493C-BA5C-156F909D20FF}.Release|x86.ActiveCfg = Release|Win32
		{F894E794-B1AB-493C-BA5C-156F909D20FF}.Release|x86.Build.0 = Release|Win32
		{25F12446-82AE-42B7-9521-DA534D541088}.Debug|x64.ActiveCfg = Debug|x64
		{25F12446-82AE-42B7-9521-DA534D541088}.Debug|x64.Build.0 = Debug|x64
		{25F12446-82AE-42B7-9521-DA534D541088}.Debug|x86.ActiveCfg = Debug|Win32
		{25F12446-82AE-42B7-9521-DA534D541088}.Debug|x86.Build.0 = Debug|Win32
		{25F12446-82AE-42B7-9521-DA534D541088}.Release|x64.ActiveCfg = Release|x64
		{25F12446-82AE-42B7-9521-DA534D541088}.Release|x64.Build.0 = Release|x64
		{25F12446-82AE-42B7-9521-DA534D541088}.Release|x86.ActiveCfg = Release|Win32
		{25F12446-82AE-42B7-9521-DA534D541088}.Release|x86.Build.0 = Release|Win32
		{F0CD92B2-D128-4B5B-BCE9-71875A3B4B25}.Debug|x64.ActiveCfg = Debug|x64
		{F0CD92B2-D128-4B5B-BCE9-71875A3B4B25}.Debug|x64.Build.0 = Debug|x64
		{F0CD92B2-D128-4B5B-BCE9-71875A3B4B25}.Debug|x86.ActiveCfg = Debug|Win32
		{F0CD92B2-D128-4B5B-BCE9-71875A3B4B25}.Debug|x86.Build.0 = Debug|Win32
		{F0CD92B2-D128-4B5B-BCE9-71875A3B4B25}.Release|x64.ActiveCfg = Release|x64
		{F0CD92B2-D128-4B5B-BCE9-71875A3B4B25}.Release|x64.Build.0 = Release|x64
		{F0CD92B2-D128-4B5B-BCE9-71875A3B4B25}.Release|x86.ActiveCfg = Release|Win32
		{F0CD92B2-D128-4B5B-BCE9-71875A3B4B25}.Release|x86.Build.0 = Release|Win32
		{7233842D-A6D9-41FC-B23E-2AB1DE3F36B1}.Debug|x64.ActiveCfg = Debug|x64
		{7233842D-A6D9-41FC-B23E-2AB1DE3F36B1}.Debug|x64.Build.0 = Debug|x64
		{7233842D-A6D9-41FC-B23E-2AB1DE3F36B1}.Debug|x86.ActiveCfg = Debug|Win32
		{7233842D-A6D9-41FC-B23E-2AB1DE3F36B1}.Debug|x86.Build.0 = Debug|Win32
		{7233842D-A6D9-41FC-B23E-2AB1DE3F36B1}.Release|x64.ActiveCfg = Release|x64
		{7233842D-A6D9-41FC-B23E-2AB1DE3F36B1}.Release|x64.Build.0 = Release|x64
		{7233842D-A6D9-41FC-B23E-2AB1DE3F36B1}.Release|x86.ActiveCfg = Release|Win32
		{7233842D-A6D9-41FC-B23E-2AB1DE3F36B1}.Release|x86.Build.0 = Release|Win32
		{9554E727-E2F6-4C92-BC09-D3011AB47D87}.Debug|x64.ActiveCfg = Debug|x64
		{9554E727-E2F6-4C92-BC09-D3011AB47D87}.Debug|x64.Build.0 = Debug|x64
		{9554E727-E2F6-4C92-BC09-D3011AB47D87}.Debug|x86.ActiveCfg = Debug|Win32
		{9554E727-E2F6-4C92-BC09-D3011AB47D87}.Debug|x86.Build.0 = Debug|Win32
		{9554E727-E2F6-4C92-BC09-D3011AB47D87}.Release|x64.ActiveCfg = Release|x64
		{9554E727-E2F6-4C92-BC09-D3011AB47D87}.Release|x64.Build.0 = Release|x64
		{9554E727-E2F6-4C92-BC09-D3011AB47D87}.Release|x86.ActiveCfg = Release|Win32
		{9554E727-E2F6-4C92-BC09-D3011AB47D87}.Release|x86.Build.0 = Release|Win32
		{048AC2A2-E77C-4628-AB5B-7BB91DDD63BC}.Debug|x64.ActiveCfg = Debug|x64
		{048AC2A2-E77C-4628-AB5B-7BB91DDD63BC}.Debug|x64.Build.0 = Debug|x64
		{048AC2A2-E77C-4628-AB5B-7BB91DDD63BC}.Debug|x86.ActiveCfg = Debug|Win32
		{048AC2A2-E77C-4628-AB5B-7BB91DDD63BC}.Debug|x86.Build.0 = Debug|Win32
		{048AC2A2-E77C-4628-AB5B-7BB91DDD63BC}.Release|x64.ActiveCfg = Release|x64
		{048AC2A2-E77C-4628-AB5B-7BB91DDD63BC}.Release|x64.Build.0 = Release|x64
		{048AC2A2-E77C-4628-AB5B-7BB91DDD63BC}.Release|x86.ActiveCfg = Release|Win32
		{048AC2A2-E77C-4628-AB5B-7BB91DDD63BC}.Release|x86.Build.0 = Release|Win32
		{3EFB16A0-04C3-4FCD-B4C0-0E382A5156F3}.Debug|x64.ActiveCfg = Debug|x64
		{3EFB16A0-04C3-4FCD-B4C0-0E382A5156F3}.Debug|x64.Build.0 = Debug|x64
		{3EFB16A0-04C3-4FCD-B4C0-0E382A5156F3}.Debug|x86.ActiveCfg = Debug|Win32
		{3EFB16A0-04C3-4FCD-B4C0-0E382A5156F3}.Debug|x86.Build.0 = Debug|Win32
		{3EFB16A0-04C3-4FCD-B4C0-0E382A5156F3}.Release|x64.ActiveCfg = Release|x64
		{3EFB16A0-04C3-4FCD-B4C0-0E382A5156F3}.Release|x64.Build.0 = Release|x64
		{3EFB16A0-04C3-4FCD-B4C0-0E382A5156F3}.Release|x86.ActiveCfg = Release|Win32
		{3EFB16A0-04C3-4FCD-B4C0-0E382A5156F3}.Release|x86.Build.0 = Release|Win32
		{3AD306BB-7F21-4F54-8A55-C67FE9CB43D9}.Debug|x64.ActiveCfg = Debug|x64
		{3AD306BB-7F21-4F54-8A55-C67FE9CB43D9}.Debug|x64.Build.0 = Debug|x64
		{3AD306BB-7F21-4F54-8A55-C67FE9CB43D9}.Debug|x86.ActiveCfg = Debug|Win32
		{3AD306BB-7F21-4F54-8A55-C67FE9CB43D9}.Debug|x86.Build.0 = Debug|Win32
		{3AD306BB-7F21-4F54-8A55-C67FE9CB43D9}.Release|x64.ActiveCfg = Release|x64
		{3AD306BB-7F21-4F54-8A55-C67FE9CB43D9}.Release|x64.Build.0 = Release|x64
		{3AD306BB-7F21-4F54-8A55-C67FE9CB43D9}.Release|x86.ActiveCfg = Release|Win32
		{3AD306BB-7F21-4F54-8A55-C67FE9CB43D9}.Release|x86.Build.0 = Release|Win32
		{6D28D9CA-B58D-4796-9074-EC9B98085A13}.Debug|x64.ActiveCfg = Debug|x64
		{6D28D9CA-B58D-4796-9074-EC9B98085A13}.Debug|x64.Build.0 = Debug|x64
		{6D28D9CA-B58D-4796-9074-EC9B98085A13}.Debug|x86.ActiveCfg = Debug|Win32
		{6D28D9CA-B58D-4796-9074-EC9B98085A13}.Debug|x86.Build.0 = Debug|Win32
		{6D28D9CA-B58D-4796-9074-EC9B98085A13}.Release|x64.ActiveCfg = Release|x64
		{6D28D9CA-B58D-4796-9074-EC9B98085A13}.Release|x64.Build.0 = Release|x64
		{6D28D9CA-B58D-4796-9074-EC9B98085A13}.Release|x86.ActiveCfg = Release|Win32
		{6D28D9CA-B58D-4796-9074-EC9B98085A13}.Release|x86.Build.0 = Release|Win32
		{9886FCFC-AF25-45DB-9167-084257B74255}.Debug|x64.ActiveCfg = Debug|x64
		{9886FCFC-AF25-45DB-9167-084257B74255}.Debug|x64.Build.0 = Debug|x64
		{9886FCFC-AF25-45DB-9167-084257B74255}.Debug|x86.ActiveCfg = Debug|Win32
		{9886FCFC-AF25-45DB-9167-084257B74255}.Debug|x86.Build.0 = Debug|Win32
		{9886FCFC-AF25-45DB-9167-084257B74255}.Release|x64.ActiveCfg = Release|x64
		{9886FCFC-AF25-45DB-9167-084257B74255}.Release|x64.Build.0 = Release|x64
		{9886FCFC-AF25-45DB-9167-084257B74255}.Release|x86.ActiveCfg = Release|Win32
		{9886FCFC-AF25-45DB-9167-084257B74255}.Release|x86.Build.0 = Release|Win32
		{AEA0D8AC-F3F4-491A-BA2F-B44DFED60237}.Debug|x64.ActiveCfg = Debug|x64
		{AEA0D8AC-F3F4-491A-BA2F-B44DFED60237}.Debug|x64.Build.0 = Debug|x64
		{AEA0D8AC-F3F4-491A-BA2F-B44DFED60237}.Debug|x86.ActiveCfg = Debug|Win32
		{AEA0D8AC-F3F4-491A-BA2F-B44DFED60237}.Debug|x86.Build.0 = Debug|Win32
		{AEA0D8AC-F3F4-491A-BA2F-B44DFED60237}.Release|x64.ActiveCfg = Release|x64
		{AEA0D8AC-F3F4-491A-BA2F-B44DFED60237}.Release|x64.Build.0 = Release|x64
		{AEA0D8AC-F3F4-491A-BA2F-B44DFED60237}.Release|x86.ActiveCfg = Release|Win32
		{AEA0D8AC-F3F4-491A-BA2F-B44DFED60237}.Release|x86.Build.0 = Release|Win32
		{01FF99C0-6F2E-4D76-812B-750D1FC009AC}.Debug|x64.ActiveCfg = Debug|x64
		{01FF99C0-6F2E-4D76-812B-750D1FC009AC}.Debug|x64.Build.0 = Debug|x64
		{01FF99C0-6F2E-4D76-812B-750D1FC009AC}.Debug|x86.ActiveCfg = Debug|Win32
		{01FF99C0-6F2E-4D76-812B-750D1FC009AC}.Debug|x86.Build.0 = Debug|Win32
		{01FF99C0-6F2E-4D76-812B-750D1FC009AC}.Release|x64.ActiveCfg = Release|x64
		{01FF99C0-6F2E-4D76-812B-750D1FC009AC}.Release|x64.Build.0 = Release|x64
		{01FF99C0-6F2E-4D76-812B-750D1FC009AC}.Release|x86.ActiveCfg = Release|Win32
		{01FF99C0-6F2E-4D76-812B-750D1FC009AC}.Release|x86.Build.0 = Release|Win32
		{0F43FA8F-340B-4245-8543-368C2A47D1B4}.Debug|x64.ActiveCfg = Debug|x64
		{0F43FA8F-340B-4245-8543-368C2A47D1B4}.Debug|x64.Build.0 = Debug|x64
		{0F43FA8F-340B-4245-8543-368C2A47D1B4}.Debug|x86.ActiveCfg = Debug|Win32
		{0F43FA8F-340B-4245-8543-368C2A47D1B4}.Debug|x86.Build.0 = Debug|Win32
		{0F43FA8F-340B-4245-8543-368C2A47D1B4}.Release|x64.ActiveCfg = Release|x64
		{0F43FA8F-340B-4245-8543-368C2A47D1B4}.Release|x64.Build.0 = Release|x64
		{0F43FA8F-340B-4245-8543-368C2A47D1B4}.Release|x86.ActiveCfg = Release|Win32
		{0F43FA8F-340B-4245-8543-368C2A47D1B4}.Release|x86.Build.0 = Release|Win32
		{BA8AEAE6-4D5F-4EA1-839B-6FAC8BEBC0A3}.Debug|x64.ActiveCfg = Debug|x64
		{BA8AEAE6-4D5F-4EA1-839B-6FAC8BEBC0A3}.Debug|x64.Build.0 = Debug|x64
		{BA8AEAE6-4D5F-4EA1-839B-6FAC8BEBC0A3}.Debug|x86.ActiveCfg = Debug|Win32
		{BA8AEAE6-4D5F-4EA1-839B-6FAC8BEBC0A3}.Debug|x86.Build.0 = Debug|Win32
		{BA8AEAE6-4D5F-4EA1-839B-6FAC8BEBC0A3}.Release|x64.ActiveCfg = Release|x64
		{BA8AEAE6-4D5F-4EA1-839B-6FAC8BEBC0A3}.Release|x64.Build.0 = Release|x64
		{BA8AEAE6-4D5F-4EA1-839B-6FAC8BEBC0A3}.Release|x86.ActiveCfg = Release|Win32
		{BA8AEAE6-4D5F-4EA1-839B-6FAC8BEBC0A3}.Release|x86.Build.0 = Release|Win32
		{027DEA2E-BFE7-41AF-8DBD-B7ED2DB534DD}.Debug|x64.ActiveCfg = Debug|x64
		{027DEA2E-BFE7-41AF-8DBD-B7ED2DB534DD}.Debug|x64.Build.0 = Debug|x64
		{027DEA2E-BFE7-41AF-8DBD-B7ED2DB534DD}.Debug|x86.ActiveCfg = Debug|Win32
		{027DEA2E-BFE7-41AF-8DBD-B7ED2DB534DD}.Debug|x86.Build.0 = Debug|Win32
		{027DEA2E-BFE7-41AF-8DBD-B7ED2DB534DD}.Release|x64.ActiveCfg = Release|x64
		{027DEA2E-BFE7-41AF-8DBD-B7ED2DB534DD}.Release|x64.Build.0 = Release|x64
		{027DEA2E-BFE7-41AF-8DBD-B7ED2DB534DD}.Release|x86.ActiveCfg = Release|Win32
		{027DEA2E-BFE7-41AF-8DBD-B7ED2DB534DD}.Release|x86.Build.0 = Release|Win32
		{5398201E-90B8-46B0-8C73-249873E3FC8E}.Debug|x64.ActiveCfg = Debug|x64
		{5398201E-90B8-46B0-8C73-249873E3FC8E}.Debug|x64.Build.0 = Debug|x64
		{5398201E-90B8-46B0-8C73-249873E3FC8E}.Debug|x86.ActiveCfg = Debug|Win32
		{5398201E-90B8-46B0-8C73-249873E3FC8E}.Debug|x86.Build.0 = Debug|Win32
		{5398201E-90B8-46B0-8C73-249873E3FC8E}.Release|x64.ActiveCfg = Release|x64
		{5398201E-90B8-46B0-8C73-249873E3FC8E}.Release|x64.Build.0 = Release|x64
		{5398201E-90B8-46B0-8C73-249873E3FC8E}.Release|x86.ActiveCfg = Release|Win32
		{5398201E-90B8-46B0-8C73-249873E3FC8E}.Release|x86.Build.0 = Release|Win32
		{F18C4D29-A2BF-4293-A4B0-8BCBEC78430E}.Debug|x64.ActiveCfg = Debug|x64
		{F18C4D29-A2BF-4293-A4B0-8BCBEC78430E}.Debug|x64.Build.0 = Debug|x64
		{F18C4D29-A2BF-4293-A4B0-8BCBEC78430E}.Debug|x86.ActiveCfg = Debug|Win32
		{F18C4D29-A2BF-4293-A4B0-8BCBEC78430E}.Debug|x86.Build.0 = Debug|Win32
		{F18C4D29-A2BF-4293-A4B0-8BCBEC78430E}.Release|x64.ActiveCfg = Release|x64
		{F18C4D29-A2BF-4293-A4B0-8BCBEC78430E}.Release|x64.Build.0 = Release|x64
		{F18C4D29-A2BF-4293-A4B0-8BCBEC78430E}.Release|x86.ActiveCfg = Release|Win32
		{F18C4D29-A2BF-4293-A4B0-8BCBEC78430E}.Release|x86.Build.0 = Release|Win32
		{DBDA301E-C65A-429F-9B93-03D33A156249}.Debug|x64.ActiveCfg = Debug|x64
		{DBDA301E-C65A-429F-9B93-03D33A156249}.Debug|x64.Build.0 = Debug|x64
		{DBDA301E-C65A-429F-9B93-03D33A156249}.Debug|x86.ActiveCfg = Debug|Win32
		{DBDA301E-C65A-429F-9B93-03D33A156249}.Debug|x86.Build.0 = Debug|Win32
		{DBDA301E-C65A-429F-9B93-03D33A156249}.Release|x64.ActiveCfg = Release|x64
		{DBDA301E-C65A-429F-9B93-03D33A156249}.Release|x64.Build.0 = Release|x64
		{DBDA301E-C65A-429F-9B93-03D33A156249}.Release|x86.ActiveCfg = Release|Win32
		{DBDA301E-C65A-429F-9B93-03D33A156249}.Release|x86.Build.0 = Release|Win32
		{42B2AFAA-5CD5-4804-ABBB-0DC7052FF691}.Debug|x64.ActiveCfg = Debug|x64
		{42B2AFAA-5CD5-4804-ABBB-0DC7052FF691}.Debug|x64.Build.0 = Debug|x64
		{42B2AFAA-5CD5-4804-ABBB-0DC7052FF691}.Debug|x86.ActiveCfg = Debug|Win32
		{42B2AFAA-5CD5-4804-ABBB-0DC7052FF691}.Debug|x86.Build.0 = Debug|Win32
		{42B2AFAA-5CD5-4804-ABBB-0DC7052FF691}.Release|x64.ActiveCfg = Release|x64
		{42B2AFAA-5CD5-4804-ABBB-0DC7052FF691}.Release|x64.Build.0 = Release|x64
		{42B2AFAA-5CD5-4804-ABBB-0DC7052FF691}.Release|x86.ActiveCfg = Release|Win32
		{42B2AFAA-5CD5-4804-ABBB-0DC7052FF691}.Release|x86.Build.0 = Release|Win32
		{87F2AE58-8D71-4E36-BF63-6CAF3A88C256}.Debug|x64.ActiveCfg = Debug|x64
		{87F2AE58-8D71-4E36-BF63-6CAF3A88C256}.Debug|x64.Build.0 = Debug|x64
		{87F2AE58-8D71-4E36-BF63-6CAF3A88C256}.Debug|x86.ActiveCfg = Debug|Win32
		{87F2AE58-8D71-4E36-BF63-6CAF3A88C256}.Debug|x86.Build.0 = Debug|Win32
		{87F2AE58-8D71-4E36-BF63-6CAF3A88C256}.Release|x64.ActiveCfg = Release|x64
		{87F2AE58-8D71-4E36-BF63-6CAF3A88C256}.Release|x64.Build.0 = Release|x64
		{87F2AE58-8D71-4E36-BF63-6CAF3A88C256}.Release|x86.ActiveCfg = Release|Win32
		{87F2AE58-8D71-4E36-BF63-6CAF3A88C256}.Release|x86.Build.0 = Release|Win32
		{D841BDB8-D68E-458F-B1E9-8652ABA9B2CF}.Debug|x64.ActiveCfg = Debug|x64
		{D841BDB8-D68E-458F-B1E9-8652ABA9B2CF}.Debug|x64.Build.0 = Debug|x64
		{D841BDB8-D68E-458F-B1E9-8652ABA9B2CF}.Debug|x86.ActiveCfg = Debug|Win32
		{D841BDB8-D68E-458F-B1E9-8652ABA9B2CF}.Debug|x86.Build.0 = Debug|Win32
		{D841BDB8-D68E-458F-B1E9-8652ABA9B2CF}.Release|x64.ActiveCfg = Release|x64
		{D841BDB8-D68E-458F-B1E9-8652ABA9B2CF}.Release|x64.Build.0 = Release|x64
		{D841BDB8-D68E-458F-B1E9-8652ABA9B2CF}.Release|x86.ActiveCfg = Release|Win32
		{D841BDB8-D68E-458F-B1E9-8652ABA9B2CF}.Release|x86.Build.0 = Release|Win32
		{EF07DE8C-033A-4DE4-B1E2-EBCC7F751698}.Debug|x64.ActiveCfg = Debug|x64
		{EF07DE8C-033A-4DE4-B1E2-EBCC7F751698}.Debug|x64.Build.0 = Debug|x64
		{EF07DE8C-033A-4DE4-B1E2-EBCC7F751698}.Debug|x86.ActiveCfg = Debug|Win32
		{EF07DE8C-033A-4DE4-B1E2-EBCC7F751698}.Debug|x86.Build.0 = Debug|Win32
		{EF07DE8C-033A-4DE4-B1E2-EBCC7F751698}.Release|x64.ActiveCfg = Release|x64
		{EF07DE8C-033A-4DE4-B1E2-EBCC7F751698}.Release|x64.Build.0 = Release|x64
		{EF07DE8C-033A-4DE4-B1E2-EBCC7F751698}.Release|x86.ActiveCfg = Release|Win32
		{EF07DE8C-033A-4DE4-B1E2-EBCC7F751698}.Release|x86.Build.0 = Release|Win32
		{833B25CE-C39E-498B-A124-B6607E1023B0}.Debug|x64.ActiveCfg = Debug|x64
		{833B25CE-C39E-498B-A124-B6607E1023B0}.Debug|x64.Build.0 = Debug|x64
		{833B25CE-C39E-498B-A124-B6607E1023B0}.Debug|x86.ActiveCfg = Debug|Win32
		{833B25CE-C39E-498B-A124-B6607E1023B0}.Debug|x86.Build.0 = Debug|Win32
		{833B25CE-C39E-498B-A124-B6607E1023B0}.Release|x64.ActiveCfg = Release|x64
		{833B25CE-C39E-498B-A124-B6607E1023B0}.Release|x64.Build.0 = Release|x64
		{833B25CE-C39E-498B-A124-B6607E1023B0}.Release|x86.ActiveCfg = Release|Win32
		{833B25CE-C39E-498B-A124-B6607E1023B0}.Release|x86.Build.0 = Release|Win32
		{1CD7CE55-0872-4FF3-A546-47DD5F112C0C}.Debug|x64.ActiveCfg = Debug|x64
		{1CD7CE55-0872-4FF3-A546-47DD5F112C0C}.Debug|x64.Build.0 = Debug|x64
		{1CD7CE55-0872-4FF3-A546-47DD5F112C0C}.Debug|x86.ActiveCfg = Debug|Win32
		{1CD7CE55-0872-4FF3-A546-47DD5F112C0C}.Debug|x86.Build.0 = Debug|Win32
		{1CD7CE55-0872-4FF3-A546-47DD5F112C0C}.Release|x64.ActiveCfg = Release|x64
		{1CD7CE55-0872-4FF3-A546-47DD5F112C0C}.Release|x64.Build.0 = Release|x64
		{1CD7CE55-0872-4FF3-A546-47DD5F112C0C}.Release|x86.ActiveCfg = Release|Win32
		{1CD7CE55-0872-4FF3-A546-47DD5F112C0C}.Release|x86.Build.0 = Release|Win32
		{25F56442-8EE8-4615-AB87-3FCFC319E5CA}.Debug|x64.ActiveCfg = Debug|x64
		{25F56442-8EE8-4615-AB87-3FCFC319E5CA}.Debug|x64.Build.0 = Debug|x64
		{25F56442-8EE8-4615-AB87-3FCFC319E5CA}.Debug|x86.ActiveCfg = Debug|Win32
		{25F56442-8EE8-4615-AB87-3FCFC319E5CA}.Debug|x86.Build.0 = Debug|Win32
		{25F56442-8EE8-4615-AB87-3FCFC319E5CA}.Release|x64.ActiveCfg = Release|x64
		{25F56442-8EE8-4615-AB87-3FCFC319E5CA}.Release|x64.Build.0 = Release|x64
		{25F56442-8EE8-4615-AB87-3FCFC319E5CA}.Release|x86.ActiveCfg = Release|Win32
		{25F56442-8EE8-4615-AB87-3FCFC319E5CA}.Release|x86.Build.0 = Release|Win32
	EndGlobalSection
	GlobalSection(SolutionProperties) = preSolution
		HideSolutionNode = FALSE
	EndGlobalSection
	GlobalSection(NestedProjects) = preSolution
		{71995D39-E6AA-4699-8356-6701771FEE84} = {9B9FD5DE-03FB-400D-B600-C811D9533E18}
		{69BDED18-952D-497A-89A0-74D5039DD79D} = {9B9FD5DE-03FB-400D-B600-C811D9533E18}
		{118B5EA8-69B7-4823-AD81-AD8F7E53F173} = {9B9FD5DE-03FB-400D-B600-C811D9533E18}
		{9EB4CB16-65B7-44E7-B925-25DC35D8446F} = {2BF7D2F4-464D-4325-98F6-51B493321DD6}
		{0B7F8978-93D5-430D-936A-4E24405951B3} = {2BF7D2F4-464D-4325-98F6-51B493321DD6}
		{1B6134B0-F043-42A4-9746-54BC64FFABA5} = {2BF7D2F4-464D-4325-98F6-51B493321DD6}
		{63098243-B84D-4E4A-8501-4339C6F52A77} = {2BF7D2F4-464D-4325-98F6-51B493321DD6}
		{B42DB561-8CCE-46E6-AC71-5E819B2ACDAA} = {2BF7D2F4-464D-4325-98F6-51B493321DD6}
		{727F720D-A599-4AEC-A793-2C0C67B47946} = {2BF7D2F4-464D-4325-98F6-51B493321DD6}
		{A74C060E-D812-4B82-BE6E-7DADC00843CD} = {2BF7D2F4-464D-4325-98F6-51B493321DD6}
		{4C32ADEB-BE5B-4A11-B989-58D3ED1FDC56} = {2BF7D2F4-464D-4325-98F6-51B493321DD6}
		{23183982-F7C7-49BB-BDE3-BE15CE295546} = {27AC238A-5EFC-47DE-9ADD-4988C07394E7}
		{DB4EDC58-6058-42CD-A825-469A2F72EBB3} = {27AC238A-5EFC-47DE-9ADD-4988C07394E7}
		{F20543A4-25D0-4CCF-9DF5-869166E12619} = {27AC238A-5EFC-47DE-9ADD-4988C07394E7}
		{4534913B-64E2-4946-8847-3BC570639721} = {27AC238A-5EFC-47DE-9ADD-4988C07394E7}
		{E9B06F0A-1C0C-4328-B1E8-35836E19ACEC} = {27AC238A-5EFC-47DE-9ADD-4988C07394E7}
		{897E9706-4D01-446A-8D85-53F6DEE32E79} = {27AC238A-5EFC-47DE-9ADD-4988C07394E7}
		{B7558C6E-B21D-4951-AE01-8A5F94B08815} = {27AC238A-5EFC-47DE-9ADD-4988C07394E7}
		{B6E7AD80-A12D-414C-8E2C-76D707A354D6} = {27AC238A-5EFC-47DE-9ADD-4988C07394E7}
		{63B96E1D-63F1-4014-A344-1A9960167250} = {27AC238A-5EFC-47DE-9ADD-4988C07394E7}
		{88DEC3C7-A538-4AD8-8CCB-E8D86AAD9D9A} = {27AC238A-5EFC-47DE-9ADD-4988C07394E7}
		{F894E794-B1AB-493C-BA5C-156F909D20FF} = {B5AE7DD9-36A7-48E5-9199-8F65783AC359}
		{25F12446-82AE-42B7-9521-DA534D541088} = {B5AE7DD9-36A7-48E5-9199-8F65783AC359}
		{F0CD92B2-D128-4B5B-BCE9-71875A3B4B25} = {B5AE7DD9-36A7-48E5-9199-8F65783AC359}
		{7233842D-A6D9-41FC-B23E-2AB1DE3F36B1} = {B5AE7DD9-36A7-48E5-9199-8F65783AC359}
		{9554E727-E2F6-4C92-BC09-D3011AB47D87} = {943982AE-09D7-4D27-BAFA-B2C8036F8A7D}
		{048AC2A2-E77C-4628-AB5B-7BB91DDD63BC} = {943982AE-09D7-4D27-BAFA-B2C8036F8A7D}
		{3EFB16A0-04C3-4FCD-B4C0-0E382A5156F3} = {943982AE-09D7-4D27-BAFA-B2C8036F8A7D}
		{3AD306BB-7F21-4F54-8A55-C67FE9CB43D9} = {943982AE-09D7-4D27-BAFA-B2C8036F8A7D}
		{6D28D9CA-B58D-4796-9074-EC9B98085A13} = {943982AE-09D7-4D27-BAFA-B2C8036F8A7D}
		{9886FCFC-AF25-45DB-9167-084257B74255} = {943982AE-09D7-4D27-BAFA-B2C8036F8A7D}
		{AEA0D8AC-F3F4-491A-BA2F-B44DFED60237} = {1F22535A-290A-44C1-8AA7-FAC6BCFA402D}
		{01FF99C0-6F2E-4D76-812B-750D1FC009AC} = {1F22535A-290A-44C1-8AA7-FAC6BCFA402D}
		{0F43FA8F-340B-4245-8543-368C2A47D1B4} = {1F22535A-290A-44C1-8AA7-FAC6BCFA402D}
		{BA8AEAE6-4D5F-4EA1-839B-6FAC8BEBC0A3} = {4DB1C2C7-DB79-4E7C-8486-7203A60000E6}
		{027DEA2E-BFE7-41AF-8DBD-B7ED2DB534DD} = {4DB1C2C7-DB79-4E7C-8486-7203A60000E6}
		{5398201E-90B8-46B0-8C73-249873E3FC8E} = {4DB1C2C7-DB79-4E7C-8486-7203A60000E6}
		{F18C4D29-A2BF-4293-A4B0-8BCBEC78430E} = {4DB1C2C7-DB79-4E7C-8486-7203A60000E6}
		{DBDA301E-C65A-429F-9B93-03D33A156249} = {26F064C5-80CB-48C7-A949-76CBEB52DEA1}
		{42B2AFAA-5CD5-4804-ABBB-0DC7052FF691} = {26F064C5-80CB-48C7-A949-76CBEB52DEA1}
		{87F2AE58-8D71-4E36-BF63-6CAF3A88C256} = {26F064C5-80CB-48C7-A949-76CBEB52DEA1}
		{D841BDB8-D68E-458F-B1E9-8652ABA9B2CF} = {26F064C5-80CB-48C7-A949-76CBEB52DEA1}
		{EF07DE8C-033A-4DE4-B1E2-EBCC7F751698} = {DED9EE88-56AE-4724-A5B4-C9D9BB8BBBB1}
		{833B25CE-C39E-498B-A124-B6607E1023B0} = {DED9EE88-56AE-4724-A5B4-C9D9BB8BBBB1}
		{1CD7CE55-0872-4FF3-A546-47DD5F112C0C} = {DED9EE88-56AE-4724-A5B4-C9D9BB8BBBB1}
		{25F56442-8EE8-4615-AB87-3FCFC319E5CA} = {6832B8DF-919C-4669-B150-D450ACCC1683}
	EndGlobalSection
	GlobalSection(ExtensibilityGlobals) = postSolution
		SolutionGuid = {1D96945F-77EE-4A67-B0F7-20416A94D285}
	EndGlobalSection
EndGlobal
