
Microsoft Visual Studio Solution File, Format Version 12.00
# Visual Studio Version 16
VisualStudioVersion = 16.0.29519.87
MinimumVisualStudioVersion = 10.0.40219.1
Project("{8BC9CEB8-8B4A-11D0-8D11-00A0C91BC942}") = "ITMO.CPP.ALLTASKS", "ITMO.CPP.ALLTASKS\ITMO.CPP.ALLTASKS.vcxproj", "{CC3A524F-5C0F-4159-AA53-59ED567B496F}"
EndProject
Project("{8BC9CEB8-8B4A-11D0-8D11-00A0C91BC942}") = "ITMO.CPP.P1T2", "ITMO.CPP.P1T2\ITMO.CPP.P1T2.vcxproj", "{71995D39-E6AA-4699-8356-6701771FEE84}"
EndProject
Project("{8BC9CEB8-8B4A-11D0-8D11-00A0C91BC942}") = "ITMO.CPP.P1T3_TriangleArea", "ITMO.CPP.P1T3_TriangleArea\ITMO.CPP.P1T3_TriangleArea.vcxproj", "{69BDED18-952D-497A-89A0-74D5039DD79D}"
EndProject
Project("{8BC9CEB8-8B4A-11D0-8D11-00A0C91BC942}") = "ITMO.CPP.Control1_PolygonArea", "ITMO.CPP.Control1\ITMO.CPP.Control1.vcxproj", "{118B5EA8-69B7-4823-AD81-AD8F7E53F173}"
EndProject
Project("{8BC9CEB8-8B4A-11D0-8D11-00A0C91BC942}") = "ITMO.CPP.P2T1_2", "ITMO.CPP.P2T2\ITMO.CPP.P2T2.vcxproj", "{9EB4CB16-65B7-44E7-B925-25DC35D8446F}"
EndProject
Project("{8BC9CEB8-8B4A-11D0-8D11-00A0C91BC942}") = "ITMO.CPP.P2.T2_1", "ITMO.CPP.P2.T2_1\ITMO.CPP.P2.T2_1.vcxproj", "{0B7F8978-93D5-430D-936A-4E24405951B3}"
EndProject
Project("{8BC9CEB8-8B4A-11D0-8D11-00A0C91BC942}") = "ITMO.CPP.P2.T2_2", "ITMO.CPP.P2.T2_2\ITMO.CPP.P2.T2_2.vcxproj", "{1B6134B0-F043-42A4-9746-54BC64FFABA5}"
EndProject
Project("{8BC9CEB8-8B4A-11D0-8D11-00A0C91BC942}") = "ITMO.CPP.P2.T2_3", "ITMO.CPP.P2.T2_3\ITMO.CPP.P2.T2_3.vcxproj", "{63098243-B84D-4E4A-8501-4339C6F52A77}"
EndProject
Project("{8BC9CEB8-8B4A-11D0-8D11-00A0C91BC942}") = "ITMO.CPP.P2.Control2_1_LeapYear", "ITMO.CPP.P2.Control2_1\ITMO.CPP.P2.Control2_1.vcxproj", "{B42DB561-8CCE-46E6-AC71-5E819B2ACDAA}"
EndProject
Project("{8BC9CEB8-8B4A-11D0-8D11-00A0C91BC942}") = "ITMO.CPP.P2.Control2_2TheBiggestNum", "ITMO.CPP.P2.Control2_2TheBiggestNum\ITMO.CPP.P2.Control2_2TheBiggestNum.vcxproj", "{727F720D-A599-4AEC-A793-2C0C67B47946}"
EndProject
Project("{2150E333-8FDC-42A3-9474-1A3956D46DE8}") = "P1", "P1", "{9B9FD5DE-03FB-400D-B600-C811D9533E18}"
EndProject
Project("{2150E333-8FDC-42A3-9474-1A3956D46DE8}") = "P2", "P2", "{2BF7D2F4-464D-4325-98F6-51B493321DD6}"
EndProject
Project("{8BC9CEB8-8B4A-11D0-8D11-00A0C91BC942}") = "ITMO.CPP.P2.Control2_3Coins", "ITMO.CPP.P2.Control2_3Coins\ITMO.CPP.P2.Control2_3Coins.vcxproj", "{A74C060E-D812-4B82-BE6E-7DADC00843CD}"
EndProject
Project("{8BC9CEB8-8B4A-11D0-8D11-00A0C91BC942}") = "ITMO.CPP.P2.Controls2_4_Shots", "ITMO.CPP.P2.Controls2_4_Shots\ITMO.CPP.P2.Controls2_4_Shots.vcxproj", "{4C32ADEB-BE5B-4A11-B989-58D3ED1FDC56}"
EndProject
Global
	GlobalSection(SolutionConfigurationPlatforms) = preSolution
		Debug|x64 = Debug|x64
		Debug|x86 = Debug|x86
		Release|x64 = Release|x64
		Release|x86 = Release|x86
	EndGlobalSection
	GlobalSection(ProjectConfigurationPlatforms) = postSolution
		{CC3A524F-5C0F-4159-AA53-59ED567B496F}.Debug|x64.ActiveCfg = Debug|x64
		{CC3A524F-5C0F-4159-AA53-59ED567B496F}.Debug|x64.Build.0 = Debug|x64
		{CC3A524F-5C0F-4159-AA53-59ED567B496F}.Debug|x86.ActiveCfg = Debug|Win32
		{CC3A524F-5C0F-4159-AA53-59ED567B496F}.Debug|x86.Build.0 = Debug|Win32
		{CC3A524F-5C0F-4159-AA53-59ED567B496F}.Release|x64.ActiveCfg = Release|x64
		{CC3A524F-5C0F-4159-AA53-59ED567B496F}.Release|x64.Build.0 = Release|x64
		{CC3A524F-5C0F-4159-AA53-59ED567B496F}.Release|x86.ActiveCfg = Release|Win32
		{CC3A524F-5C0F-4159-AA53-59ED567B496F}.Release|x86.Build.0 = Release|Win32
		{71995D39-E6AA-4699-8356-6701771FEE84}.Debug|x64.ActiveCfg = Debug|x64
		{71995D39-E6AA-4699-8356-6701771FEE84}.Debug|x64.Build.0 = Debug|x64
		{71995D39-E6AA-4699-8356-6701771FEE84}.Debug|x86.ActiveCfg = Debug|Win32
		{71995D39-E6AA-4699-8356-6701771FEE84}.Debug|x86.Build.0 = Debug|Win32
		{71995D39-E6AA-4699-8356-6701771FEE84}.Release|x64.ActiveCfg = Release|x64
		{71995D39-E6AA-4699-8356-6701771FEE84}.Release|x64.Build.0 = Release|x64
		{71995D39-E6AA-4699-8356-6701771FEE84}.Release|x86.ActiveCfg = Release|Win32
		{71995D39-E6AA-4699-8356-6701771FEE84}.Release|x86.Build.0 = Release|Win32
		{69BDED18-952D-497A-89A0-74D5039DD79D}.Debug|x64.ActiveCfg = Debug|x64
		{69BDED18-952D-497A-89A0-74D5039DD79D}.Debug|x64.Build.0 = Debug|x64
		{69BDED18-952D-497A-89A0-74D5039DD79D}.Debug|x86.ActiveCfg = Debug|Win32
		{69BDED18-952D-497A-89A0-74D5039DD79D}.Debug|x86.Build.0 = Debug|Win32
		{69BDED18-952D-497A-89A0-74D5039DD79D}.Release|x64.ActiveCfg = Release|x64
		{69BDED18-952D-497A-89A0-74D5039DD79D}.Release|x64.Build.0 = Release|x64
		{69BDED18-952D-497A-89A0-74D5039DD79D}.Release|x86.ActiveCfg = Release|Win32
		{69BDED18-952D-497A-89A0-74D5039DD79D}.Release|x86.Build.0 = Release|Win32
		{118B5EA8-69B7-4823-AD81-AD8F7E53F173}.Debug|x64.ActiveCfg = Debug|x64
		{118B5EA8-69B7-4823-AD81-AD8F7E53F173}.Debug|x64.Build.0 = Debug|x64
		{118B5EA8-69B7-4823-AD81-AD8F7E53F173}.Debug|x86.ActiveCfg = Debug|Win32
		{118B5EA8-69B7-4823-AD81-AD8F7E53F173}.Debug|x86.Build.0 = Debug|Win32
		{118B5EA8-69B7-4823-AD81-AD8F7E53F173}.Release|x64.ActiveCfg = Release|x64
		{118B5EA8-69B7-4823-AD81-AD8F7E53F173}.Release|x64.Build.0 = Release|x64
		{118B5EA8-69B7-4823-AD81-AD8F7E53F173}.Release|x86.ActiveCfg = Release|Win32
		{118B5EA8-69B7-4823-AD81-AD8F7E53F173}.Release|x86.Build.0 = Release|Win32
		{9EB4CB16-65B7-44E7-B925-25DC35D8446F}.Debug|x64.ActiveCfg = Debug|x64
		{9EB4CB16-65B7-44E7-B925-25DC35D8446F}.Debug|x64.Build.0 = Debug|x64
		{9EB4CB16-65B7-44E7-B925-25DC35D8446F}.Debug|x86.ActiveCfg = Debug|Win32
		{9EB4CB16-65B7-44E7-B925-25DC35D8446F}.Debug|x86.Build.0 = Debug|Win32
		{9EB4CB16-65B7-44E7-B925-25DC35D8446F}.Release|x64.ActiveCfg = Release|x64
		{9EB4CB16-65B7-44E7-B925-25DC35D8446F}.Release|x64.Build.0 = Release|x64
		{9EB4CB16-65B7-44E7-B925-25DC35D8446F}.Release|x86.ActiveCfg = Release|Win32
		{9EB4CB16-65B7-44E7-B925-25DC35D8446F}.Release|x86.Build.0 = Release|Win32
		{0B7F8978-93D5-430D-936A-4E24405951B3}.Debug|x64.ActiveCfg = Debug|x64
		{0B7F8978-93D5-430D-936A-4E24405951B3}.Debug|x64.Build.0 = Debug|x64
		{0B7F8978-93D5-430D-936A-4E24405951B3}.Debug|x86.ActiveCfg = Debug|Win32
		{0B7F8978-93D5-430D-936A-4E24405951B3}.Debug|x86.Build.0 = Debug|Win32
		{0B7F8978-93D5-430D-936A-4E24405951B3}.Release|x64.ActiveCfg = Release|x64
		{0B7F8978-93D5-430D-936A-4E24405951B3}.Release|x64.Build.0 = Release|x64
		{0B7F8978-93D5-430D-936A-4E24405951B3}.Release|x86.ActiveCfg = Release|Win32
		{0B7F8978-93D5-430D-936A-4E24405951B3}.Release|x86.Build.0 = Release|Win32
		{1B6134B0-F043-42A4-9746-54BC64FFABA5}.Debug|x64.ActiveCfg = Debug|x64
		{1B6134B0-F043-42A4-9746-54BC64FFABA5}.Debug|x64.Build.0 = Debug|x64
		{1B6134B0-F043-42A4-9746-54BC64FFABA5}.Debug|x86.ActiveCfg = Debug|Win32
		{1B6134B0-F043-42A4-9746-54BC64FFABA5}.Debug|x86.Build.0 = Debug|Win32
		{1B6134B0-F043-42A4-9746-54BC64FFABA5}.Release|x64.ActiveCfg = Release|x64
		{1B6134B0-F043-42A4-9746-54BC64FFABA5}.Release|x64.Build.0 = Release|x64
		{1B6134B0-F043-42A4-9746-54BC64FFABA5}.Release|x86.ActiveCfg = Release|Win32
		{1B6134B0-F043-42A4-9746-54BC64FFABA5}.Release|x86.Build.0 = Release|Win32
		{63098243-B84D-4E4A-8501-4339C6F52A77}.Debug|x64.ActiveCfg = Debug|x64
		{63098243-B84D-4E4A-8501-4339C6F52A77}.Debug|x64.Build.0 = Debug|x64
		{63098243-B84D-4E4A-8501-4339C6F52A77}.Debug|x86.ActiveCfg = Debug|Win32
		{63098243-B84D-4E4A-8501-4339C6F52A77}.Debug|x86.Build.0 = Debug|Win32
		{63098243-B84D-4E4A-8501-4339C6F52A77}.Release|x64.ActiveCfg = Release|x64
		{63098243-B84D-4E4A-8501-4339C6F52A77}.Release|x64.Build.0 = Release|x64
		{63098243-B84D-4E4A-8501-4339C6F52A77}.Release|x86.ActiveCfg = Release|Win32
		{63098243-B84D-4E4A-8501-4339C6F52A77}.Release|x86.Build.0 = Release|Win32
		{B42DB561-8CCE-46E6-AC71-5E819B2ACDAA}.Debug|x64.ActiveCfg = Debug|x64
		{B42DB561-8CCE-46E6-AC71-5E819B2ACDAA}.Debug|x64.Build.0 = Debug|x64
		{B42DB561-8CCE-46E6-AC71-5E819B2ACDAA}.Debug|x86.ActiveCfg = Debug|Win32
		{B42DB561-8CCE-46E6-AC71-5E819B2ACDAA}.Debug|x86.Build.0 = Debug|Win32
		{B42DB561-8CCE-46E6-AC71-5E819B2ACDAA}.Release|x64.ActiveCfg = Release|x64
		{B42DB561-8CCE-46E6-AC71-5E819B2ACDAA}.Release|x64.Build.0 = Release|x64
		{B42DB561-8CCE-46E6-AC71-5E819B2ACDAA}.Release|x86.ActiveCfg = Release|Win32
		{B42DB561-8CCE-46E6-AC71-5E819B2ACDAA}.Release|x86.Build.0 = Release|Win32
		{727F720D-A599-4AEC-A793-2C0C67B47946}.Debug|x64.ActiveCfg = Debug|x64
		{727F720D-A599-4AEC-A793-2C0C67B47946}.Debug|x64.Build.0 = Debug|x64
		{727F720D-A599-4AEC-A793-2C0C67B47946}.Debug|x86.ActiveCfg = Debug|Win32
		{727F720D-A599-4AEC-A793-2C0C67B47946}.Debug|x86.Build.0 = Debug|Win32
		{727F720D-A599-4AEC-A793-2C0C67B47946}.Release|x64.ActiveCfg = Release|x64
		{727F720D-A599-4AEC-A793-2C0C67B47946}.Release|x64.Build.0 = Release|x64
		{727F720D-A599-4AEC-A793-2C0C67B47946}.Release|x86.ActiveCfg = Release|Win32
		{727F720D-A599-4AEC-A793-2C0C67B47946}.Release|x86.Build.0 = Release|Win32
		{A74C060E-D812-4B82-BE6E-7DADC00843CD}.Debug|x64.ActiveCfg = Debug|x64
		{A74C060E-D812-4B82-BE6E-7DADC00843CD}.Debug|x64.Build.0 = Debug|x64
		{A74C060E-D812-4B82-BE6E-7DADC00843CD}.Debug|x86.ActiveCfg = Debug|Win32
		{A74C060E-D812-4B82-BE6E-7DADC00843CD}.Debug|x86.Build.0 = Debug|Win32
		{A74C060E-D812-4B82-BE6E-7DADC00843CD}.Release|x64.ActiveCfg = Release|x64
		{A74C060E-D812-4B82-BE6E-7DADC00843CD}.Release|x64.Build.0 = Release|x64
		{A74C060E-D812-4B82-BE6E-7DADC00843CD}.Release|x86.ActiveCfg = Release|Win32
		{A74C060E-D812-4B82-BE6E-7DADC00843CD}.Release|x86.Build.0 = Release|Win32
		{4C32ADEB-BE5B-4A11-B989-58D3ED1FDC56}.Debug|x64.ActiveCfg = Debug|x64
		{4C32ADEB-BE5B-4A11-B989-58D3ED1FDC56}.Debug|x64.Build.0 = Debug|x64
		{4C32ADEB-BE5B-4A11-B989-58D3ED1FDC56}.Debug|x86.ActiveCfg = Debug|Win32
		{4C32ADEB-BE5B-4A11-B989-58D3ED1FDC56}.Debug|x86.Build.0 = Debug|Win32
		{4C32ADEB-BE5B-4A11-B989-58D3ED1FDC56}.Release|x64.ActiveCfg = Release|x64
		{4C32ADEB-BE5B-4A11-B989-58D3ED1FDC56}.Release|x64.Build.0 = Release|x64
		{4C32ADEB-BE5B-4A11-B989-58D3ED1FDC56}.Release|x86.ActiveCfg = Release|Win32
		{4C32ADEB-BE5B-4A11-B989-58D3ED1FDC56}.Release|x86.Build.0 = Release|Win32
	EndGlobalSection
	GlobalSection(SolutionProperties) = preSolution
		HideSolutionNode = FALSE
	EndGlobalSection
	GlobalSection(NestedProjects) = preSolution
		{71995D39-E6AA-4699-8356-6701771FEE84} = {9B9FD5DE-03FB-400D-B600-C811D9533E18}
		{69BDED18-952D-497A-89A0-74D5039DD79D} = {9B9FD5DE-03FB-400D-B600-C811D9533E18}
		{118B5EA8-69B7-4823-AD81-AD8F7E53F173} = {9B9FD5DE-03FB-400D-B600-C811D9533E18}
		{9EB4CB16-65B7-44E7-B925-25DC35D8446F} = {2BF7D2F4-464D-4325-98F6-51B493321DD6}
		{0B7F8978-93D5-430D-936A-4E24405951B3} = {2BF7D2F4-464D-4325-98F6-51B493321DD6}
		{1B6134B0-F043-42A4-9746-54BC64FFABA5} = {2BF7D2F4-464D-4325-98F6-51B493321DD6}
		{63098243-B84D-4E4A-8501-4339C6F52A77} = {2BF7D2F4-464D-4325-98F6-51B493321DD6}
		{B42DB561-8CCE-46E6-AC71-5E819B2ACDAA} = {2BF7D2F4-464D-4325-98F6-51B493321DD6}
		{727F720D-A599-4AEC-A793-2C0C67B47946} = {2BF7D2F4-464D-4325-98F6-51B493321DD6}
		{A74C060E-D812-4B82-BE6E-7DADC00843CD} = {2BF7D2F4-464D-4325-98F6-51B493321DD6}
		{4C32ADEB-BE5B-4A11-B989-58D3ED1FDC56} = {2BF7D2F4-464D-4325-98F6-51B493321DD6}
	EndGlobalSection
	GlobalSection(ExtensibilityGlobals) = postSolution
		SolutionGuid = {1D96945F-77EE-4A67-B0F7-20416A94D285}
	EndGlobalSection
EndGlobal
